<Solution>
  <Folder Name="/src/">
    <Project Path="src/MeetingCompanion.Ai/MeetingCompanion.Ai.csproj" />
    <Project Path="src/MeetingCompanion.Audio/MeetingCompanion.Audio.csproj" />
    <Project Path="src/MeetingCompanion.Capture/MeetingCompanion.Capture.csproj" />
    <Project Path="src/MeetingCompanion.Contracts/MeetingCompanion.Contracts.csproj" />
    <Project Path="src/MeetingCompanion.Core/MeetingCompanion.Core.csproj" />
    <Project Path="src/MeetingCompanion.Desktop/MeetingCompanion.Desktop.csproj" />
    <Project Path="src/MeetingCompanion.Platform/MeetingCompanion.Platform.csproj" />
    <Project Path="src/MeetingCompanion.Stt/MeetingCompanion.Stt.csproj" />
    <Project Path="src/MeetingCompanion.Session/MeetingCompanion.Session.csproj" />
  </Folder>
  <Folder Name="/tests/" />
  <Folder Name="/tests/Session/">
    <Project Path="tests/Session/MeetingCompanion.Session.Tests.csproj" />
    <Project Path="tests/SessionWindows/MeetingCompanion.Session.Windows.csproj" />
    <Project Path="tests/SessionFakeHelper/Cintra.Session.FakeHelper.csproj" />
  </Folder>
  <Folder Name="/tests/Ai/">
    <Project Path="tests/Ai/MeetingCompanion.Ai.Tests.csproj" />
    <Project Path="tests/AiLive/MeetingCompanion.Ai.Live.csproj" />
  </Folder>
  <Folder Name="/tests/Audio/">
    <Project Path="tests/AudioIntegration/MeetingCompanion.Audio.Tests.csproj" />
    <Project Path="tests/AudioFakeHelper/Cintra.Audio.FakeHelper.csproj" />
    <Project Path="tests/AudioHarness/Cintra.Audio.Harness.csproj" />
  </Folder>
  <Folder Name="/tests/Capture/">
    <Project Path="tests/Capture/MeetingCompanion.Capture.Tests.csproj" />
  </Folder>
  <Folder Name="/tests/CaptureWindows/">
    <Project Path="tests/CaptureWindows/MeetingCompanion.Capture.Windows.csproj" />
  </Folder>
  <Folder Name="/tests/Contract/">
    <Project Path="tests/Contract/MeetingCompanion.Contract.Tests.csproj" />
  </Folder>
  <Folder Name="/tests/PlaybackHarness/">
    <Project Path="tests/PlaybackHarness/MeetingCompanion.PlaybackHarness.csproj" />
  </Folder>
  <Folder Name="/tests/Stt/">
    <Project Path="tests/Stt/MeetingCompanion.Stt.Tests.csproj" />
  </Folder>
  <Folder Name="/tests/SttRehearsal/">
    <Project Path="tests/SttRehearsal/Cintra.Stt.Rehearsal.csproj" />
  </Folder>
  <Folder Name="/tests/Unit/">
    <Project Path="tests/Unit/MeetingCompanion.Unit.Tests.csproj" />
  </Folder>
  <Folder Name="/tests/Platform/">
    <Project Path="tests/Platform/MeetingCompanion.Platform.Tests.csproj" />
    <Project Path="tests/PlatformWindows/Cintra.Platform.Inventory.csproj" />
  </Folder>
</Solution>
